{
  "name": "verificacion-links-wiki",
  "version": "1.0.0",
  "lockfileVersion": 1,
  "dependencies": {
    "@types/node": {
      "version": "7.0.32",
      "resolved": "https://registry.npmjs.org/@types/node/-/node-7.0.32.tgz",
      "integrity": "sha512-7+0Ai8r8Xt6NNVM0Eo+XSqiZsBUYXg2yrCwyBhQzSfFHTGQWzFv/pk9106vPR8HWjKmGK+zzUj244POs4xfO2g==",
      "dev": true
    },
    "array-iterate": {
      "version": "1.1.1",
      "resolved": "https://registry.npmjs.org/array-iterate/-/array-iterate-1.1.1.tgz",
      "integrity": "sha1-hlv3+K851rCYLGCQKRSsdrwBCPY=",
      "dev": true
    },
    "bail": {
      "version": "1.0.1",
      "resolved": "https://registry.npmjs.org/bail/-/bail-1.0.1.tgz",
      "integrity": "sha1-kSV53os5Gq3zxf30zSoPwiXfO8I=",
      "dev": true
    },
    "ccount": {
      "version": "1.0.1",
      "resolved": "https://registry.npmjs.org/ccount/-/ccount-1.0.1.tgz",
      "integrity": "sha1-ZlaHlFFowhjsd/9hpBVa4AInqWw=",
      "dev": true
    },
    "character-entities": {
      "version": "1.2.0",
      "resolved": "https://registry.npmjs.org/character-entities/-/character-entities-1.2.0.tgz",
      "integrity": "sha1-poPiz3Xb6LFxljUxNk5Y4YobFV8=",
      "dev": true
    },
    "character-entities-html4": {
      "version": "1.1.0",
      "resolved": "https://registry.npmjs.org/character-entities-html4/-/character-entities-html4-1.1.0.tgz",
      "integrity": "sha1-GrCFUdPOH6HfCNAPucod77FHoGw=",
      "dev": true
    },
    "character-entities-legacy": {
      "version": "1.1.0",
      "resolved": "https://registry.npmjs.org/character-entities-legacy/-/character-entities-legacy-1.1.0.tgz",
      "integrity": "sha1-sYqtmPa3vMZGweTIH58ZVjdqVho=",
      "dev": true
    },
    "character-reference-invalid": {
      "version": "1.1.0",
      "resolved": "https://registry.npmjs.org/character-reference-invalid/-/character-reference-invalid-1.1.0.tgz",
      "integrity": "sha1-3smtHfufjQa0/NqircPE/ZevHmg=",
      "dev": true
    },
    "collapse-white-space": {
      "version": "1.0.2",
      "resolved": "https://registry.npmjs.org/collapse-white-space/-/collapse-white-space-1.0.2.tgz",
      "integrity": "sha1-nEY/ucbRkNLcriGjVqAbyunu720=",
      "dev": true
    },
    "extend": {
      "version": "3.0.1",
      "resolved": "https://registry.npmjs.org/extend/-/extend-3.0.1.tgz",
      "integrity": "sha1-p1Xqe8Gt/MWjHOfnYtuq3F5jZEQ=",
      "dev": true
    },
    "function-bind": {
      "version": "1.1.0",
      "resolved": "https://registry.npmjs.org/function-bind/-/function-bind-1.1.0.tgz",
      "integrity": "sha1-FhdnFMgBeY5Ojyz391KUZ7tKV3E=",
      "dev": true
    },
    "has": {
      "version": "1.0.1",
      "resolved": "https://registry.npmjs.org/has/-/has-1.0.1.tgz",
      "integrity": "sha1-hGFzP1OLCDfJNh45qauelwTcLyg=",
      "dev": true
    },
    "inherits": {
      "version": "2.0.3",
      "resolved": "https://registry.npmjs.org/inherits/-/inherits-2.0.3.tgz",
      "integrity": "sha1-Yzwsg+PaQqUC9SRmAiSA9CCCYd4=",
      "dev": true
    },
    "is-alphabetical": {
      "version": "1.0.0",
      "resolved": "https://registry.npmjs.org/is-alphabetical/-/is-alphabetical-1.0.0.tgz",
      "integrity": "sha1-4lRMEwWCVfIUTLdXBmzTNCocjEY=",
      "dev": true
    },
    "is-alphanumeric": {
      "version": "1.0.0",
      "resolved": "https://registry.npmjs.org/is-alphanumeric/-/is-alphanumeric-1.0.0.tgz",
      "integrity": "sha1-Spzvcdr0wAHB2B1j0UDPU/1oifQ=",
      "dev": true
    },
    "is-alphanumerical": {
      "version": "1.0.0",
      "resolved": "https://registry.npmjs.org/is-alphanumerical/-/is-alphanumerical-1.0.0.tgz",
      "integrity": "sha1-4GSS5xnBvxXewjnk8a9fZ7TW578=",
      "dev": true
    },
    "is-buffer": {
      "version": "1.1.5",
      "resolved": "https://registry.npmjs.org/is-buffer/-/is-buffer-1.1.5.tgz",
      "integrity": "sha1-Hzsm72E7IUuIy8ojzGwB2Hlh7sw=",
      "dev": true
    },
    "is-decimal": {
      "version": "1.0.0",
      "resolved": "https://registry.npmjs.org/is-decimal/-/is-decimal-1.0.0.tgz",
      "integrity": "sha1-lAV5tupjxigICmnmK9qIyEcLT+A=",
      "dev": true
    },
    "is-hexadecimal": {
      "version": "1.0.0",
      "resolved": "https://registry.npmjs.org/is-hexadecimal/-/is-hexadecimal-1.0.0.tgz",
      "integrity": "sha1-XEWXcdKvmi45Ungf1U/LG8/kETw=",
      "dev": true
    },
    "is-plain-obj": {
      "version": "1.1.0",
      "resolved": "https://registry.npmjs.org/is-plain-obj/-/is-plain-obj-1.1.0.tgz",
      "integrity": "sha1-caUMhCnfync8kqOQpKA7OfzVHT4=",
      "dev": true
    },
    "is-whitespace-character": {
      "version": "1.0.0",
      "resolved": "https://registry.npmjs.org/is-whitespace-character/-/is-whitespace-character-1.0.0.tgz",
      "integrity": "sha1-u/SoN2Tq0NRRvsKlUhjpGWGtwnU=",
      "dev": true
    },
    "is-word-character": {
      "version": "1.0.0",
      "resolved": "https://registry.npmjs.org/is-word-character/-/is-word-character-1.0.0.tgz",
      "integrity": "sha1-o6nl3a1wxcLuNvSpz8mlP0RTUkc=",
      "dev": true
    },
    "longest-streak": {
      "version": "2.0.1",
      "resolved": "https://registry.npmjs.org/longest-streak/-/longest-streak-2.0.1.tgz",
      "integrity": "sha1-QtKRtUEeQDZcAOYxk0l+IkcxbjU=",
      "dev": true
    },
    "markdown-escapes": {
      "version": "1.0.0",
      "resolved": "https://registry.npmjs.org/markdown-escapes/-/markdown-escapes-1.0.0.tgz",
      "integrity": "sha1-yMoZ8dlNaCRZ4Kk8htsnp+9xayM=",
      "dev": true
    },
    "markdown-table": {
      "version": "1.1.0",
      "resolved": "https://registry.npmjs.org/markdown-table/-/markdown-table-1.1.0.tgz",
      "integrity": "sha1-H1rmFlnO2ICNiCVUwy6LPzjdEUM=",
      "dev": true
    },
    "mdast-util-compact": {
      "version": "1.0.1",
      "resolved": "https://registry.npmjs.org/mdast-util-compact/-/mdast-util-compact-1.0.1.tgz",
      "integrity": "sha1-zbX4TitqLTEU3zO9BdnLMuPECDo=",
      "dev": true
    },
    "parse-entities": {
      "version": "1.1.1",
      "resolved": "https://registry.npmjs.org/parse-entities/-/parse-entities-1.1.1.tgz",
      "integrity": "sha1-gRLYhHExnyerrk1klksSL+ThuJA=",
      "dev": true
    },
    "remark": {
      "version": "7.0.1",
      "resolved": "https://registry.npmjs.org/remark/-/remark-7.0.1.tgz",
      "integrity": "sha1-pd5NrPq/D2CkmCbvJMR5gH+QS/s=",
      "dev": true
    },
    "remark-parse": {
      "version": "3.0.1",
      "resolved": "https://registry.npmjs.org/remark-parse/-/remark-parse-3.0.1.tgz",
      "integrity": "sha1-G5+EGkTY9PvyJGhQJlRZpOs1TIA=",
      "dev": true
    },
    "remark-stringify": {
      "version": "3.0.1",
      "resolved": "https://registry.npmjs.org/remark-stringify/-/remark-stringify-3.0.1.tgz",
      "integrity": "sha1-eSQr6+CnUggbWAlRb6DAbt7Aac8=",
      "dev": true
    },
    "repeat-string": {
      "version": "1.6.1",
      "resolved": "https://registry.npmjs.org/repeat-string/-/repeat-string-1.6.1.tgz",
      "integrity": "sha1-jcrkcOHIirwtYA//Sndihtp15jc=",
      "dev": true
    },
    "replace-ext": {
      "version": "1.0.0",
      "resolved": "https://registry.npmjs.org/replace-ext/-/replace-ext-1.0.0.tgz",
      "integrity": "sha1-3mMSg3P8v3w8z6TeWkgMRaZ5WOs=",
      "dev": true
    },
    "state-toggle": {
      "version": "1.0.0",
      "resolved": "https://registry.npmjs.org/state-toggle/-/state-toggle-1.0.0.tgz",
      "integrity": "sha1-0g+aYWu08MO5i5GSLSW2QKorxCU=",
      "dev": true
    },
    "stringify-entities": {
      "version": "1.3.1",
      "resolved": "https://registry.npmjs.org/stringify-entities/-/stringify-entities-1.3.1.tgz",
      "integrity": "sha1-sVDsLXKsTBtfMktR+2soyc3/BYw=",
      "dev": true
    },
    "trim": {
      "version": "0.0.1",
      "resolved": "https://registry.npmjs.org/trim/-/trim-0.0.1.tgz",
      "integrity": "sha1-WFhUf2spB1fulczMZm+1AITEYN0=",
      "dev": true
    },
    "trim-trailing-lines": {
      "version": "1.1.0",
      "resolved": "https://registry.npmjs.org/trim-trailing-lines/-/trim-trailing-lines-1.1.0.tgz",
      "integrity": "sha1-eu+7eAjfnWafbaLkOMrIxGradoQ=",
      "dev": true
    },
    "trough": {
      "version": "1.0.0",
      "resolved": "https://registry.npmjs.org/trough/-/trough-1.0.0.tgz",
      "integrity": "sha1-a97f5/KqSabzxDIldodVWVfzQv0=",
      "dev": true
    },
    "unherit": {
      "version": "1.1.0",
      "resolved": "https://registry.npmjs.org/unherit/-/unherit-1.1.0.tgz",
      "integrity": "sha1-a5qu379z3xdWrZ4xbdmBiFhAzX0=",
      "dev": true
    },
    "unified": {
      "version": "6.1.5",
      "resolved": "https://registry.npmjs.org/unified/-/unified-6.1.5.tgz",
      "integrity": "sha1-cWk3hyYhpjE15iztLzrGoGPG+4c=",
      "dev": true
    },
    "unist-util-modify-children": {
      "version": "1.1.1",
      "resolved": "https://registry.npmjs.org/unist-util-modify-children/-/unist-util-modify-children-1.1.1.tgz",
      "integrity": "sha1-ZtfmpEnm9nIguXarPLi166w55R0=",
      "dev": true
    },
    "unist-util-remove-position": {
      "version": "1.1.1",
      "resolved": "https://registry.npmjs.org/unist-util-remove-position/-/unist-util-remove-position-1.1.1.tgz",
      "integrity": "sha1-WoXBVV/BugwQG4ZwfRXlD6TIcbs=",
      "dev": true
    },
    "unist-util-stringify-position": {
      "version": "1.1.1",
      "resolved": "https://registry.npmjs.org/unist-util-stringify-position/-/unist-util-stringify-position-1.1.1.tgz",
      "integrity": "sha1-PMvcU2ee7W7PN3fdf14yKcG2qjw=",
      "dev": true
    },
    "unist-util-visit": {
      "version": "1.1.3",
      "resolved": "https://registry.npmjs.org/unist-util-visit/-/unist-util-visit-1.1.3.tgz",
      "integrity": "sha1-7CaOcxudJ3p5pbWqBkOZDkBdYAs=",
      "dev": true
    },
    "vfile": {
      "version": "2.1.0",
      "resolved": "https://registry.npmjs.org/vfile/-/vfile-2.1.0.tgz",
      "integrity": "sha1-086Lgl57jVO4lhZDQSczgZNvAr0=",
      "dev": true
    },
    "vfile-location": {
      "version": "2.0.1",
      "resolved": "https://registry.npmjs.org/vfile-location/-/vfile-location-2.0.1.tgz",
      "integrity": "sha1-C/iBb3MrD4vZAqVv2kxiyOk13FI=",
      "dev": true
    },
    "x-is-function": {
      "version": "1.0.4",
      "resolved": "https://registry.npmjs.org/x-is-function/-/x-is-function-1.0.4.tgz",
      "integrity": "sha1-XSlNw9Joy90GJYDgxd93o5HR+h4=",
      "dev": true
    },
    "x-is-string": {
      "version": "0.1.0",
      "resolved": "https://registry.npmjs.org/x-is-string/-/x-is-string-0.1.0.tgz",
      "integrity": "sha1-R0tQhlrzpJqcRlfwWs0UVFj3fYI=",
      "dev": true
    },
    "xtend": {
      "version": "4.0.1",
      "resolved": "https://registry.npmjs.org/xtend/-/xtend-4.0.1.tgz",
      "integrity": "sha1-pcbVMr5lbiPbgg77lDofBJmNY68=",
      "dev": true
    }
  }
}
