{
  "name": "@capgemtest/asciidoc-link-checker",
  "version": "0.0.3",
  "lockfileVersion": 1,
  "requires": true,
  "dependencies": {
    "@types/glob": {
      "version": "5.0.30",
      "resolved": "https://registry.npmjs.org/@types/glob/-/glob-5.0.30.tgz",
      "integrity": "sha1-ECZAnFYlqGiQdGAoCNCCsoZ7ilE=",
      "dev": true,
      "requires": {
        "@types/minimatch": "https://registry.npmjs.org/@types/minimatch/-/minimatch-2.0.29.tgz",
        "@types/node": "7.0.35"
      }
    },
    "@types/minimatch": {
      "version": "https://registry.npmjs.org/@types/minimatch/-/minimatch-2.0.29.tgz",
      "integrity": "sha1-UALhT3Xi1x5WQoHfBDHIwbSio2o=",
      "dev": true
    },
    "@types/node": {
      "version": "7.0.35",
      "resolved": "https://registry.npmjs.org/@types/node/-/node-7.0.35.tgz",
      "integrity": "sha512-6BZYMnwskXs7RV4+Vu5cKCSVJqfOuNI1XqmiLEpX47963q3Mh3gOxPzBKA4L3KdonB0/SNVoNn+HHr4JvIWG8Q==",
      "dev": true
    },
    "@types/superagent": {
      "version": "3.5.3",
      "resolved": "https://registry.npmjs.org/@types/superagent/-/superagent-3.5.3.tgz",
      "integrity": "sha512-iVzWi5I+kTalhBf52Pvbuu1uiJmPs5k2Fhr3VP87h3rfer1LEag7x14TQYQQBwWBKz0SrYObxqueIsXjQmM01g==",
      "dev": true,
      "requires": {
        "@types/node": "7.0.35"
      }
    },
    "ansi-styles": {
      "version": "3.1.0",
      "resolved": "https://registry.npmjs.org/ansi-styles/-/ansi-styles-3.1.0.tgz",
      "integrity": "sha1-CcIC1ckX7CMYjKpcnLkXnNlUd1A=",
      "requires": {
        "color-convert": "1.9.0"
      }
    },
    "chalk": {
      "version": "2.0.1",
      "resolved": "https://registry.npmjs.org/chalk/-/chalk-2.0.1.tgz",
      "integrity": "sha512-Mp+FXEI+FrwY/XYV45b2YD3E8i3HwnEAoFcM0qlZzq/RZ9RwWitt2Y/c7cqRAz70U7hfekqx6qNYthuKFO6K0g==",
      "requires": {
        "ansi-styles": "3.1.0",
        "escape-string-regexp": "1.0.5",
        "supports-color": "4.2.0"
      }
    },
    "color-convert": {
      "version": "1.9.0",
      "resolved": "https://registry.npmjs.org/color-convert/-/color-convert-1.9.0.tgz",
      "integrity": "sha1-Gsz5fdc5uYO/mU1W/sj5WFNkG3o=",
      "requires": {
        "color-name": "1.1.2"
      }
    },
    "color-name": {
      "version": "1.1.2",
      "resolved": "https://registry.npmjs.org/color-name/-/color-name-1.1.2.tgz",
      "integrity": "sha1-XIq3K2S9IhXWF66VWeuxSEdc+Y0="
    },
    "escape-string-regexp": {
      "version": "1.0.5",
      "resolved": "https://registry.npmjs.org/escape-string-regexp/-/escape-string-regexp-1.0.5.tgz",
      "integrity": "sha1-G2HAViGQqN/2rjuyzwIAyhMLhtQ="
    },
    "glob": {
      "version": "7.1.2",
      "resolved": "https://registry.npmjs.org/glob/-/glob-7.1.2.tgz",
      "integrity": "sha512-MJTUg1kjuLeQCJ+ccE4Vpa6kKVXkPYJ2mOCQyUuKLcLQsdrMCpBPUi8qVE6+YuaJkozeA9NusTAw3hLr8Xe5EQ==",
      "requires": {
        "fs.realpath": "1.0.0",
        "inflight": "1.0.6",
        "inherits": "2.0.3",
        "minimatch": "3.0.4",
        "once": "1.4.0",
        "path-is-absolute": "1.0.1"
      },
      "dependencies": {
        "balanced-match": {
          "version": "1.0.0",
          "resolved": "https://registry.npmjs.org/balanced-match/-/balanced-match-1.0.0.tgz",
          "integrity": "sha1-ibTRmasr7kneFk6gK4nORi1xt2c="
        },
        "brace-expansion": {
          "version": "1.1.8",
          "resolved": "https://registry.npmjs.org/brace-expansion/-/brace-expansion-1.1.8.tgz",
          "integrity": "sha1-wHshHHyVLsH479Uad+8NHTmQopI=",
          "requires": {
            "balanced-match": "1.0.0",
            "concat-map": "0.0.1"
          }
        },
        "concat-map": {
          "version": "0.0.1",
          "resolved": "https://registry.npmjs.org/concat-map/-/concat-map-0.0.1.tgz",
          "integrity": "sha1-2Klr13/Wjfd5OnMDajug1UBdR3s="
        },
        "fs.realpath": {
          "version": "1.0.0",
          "resolved": "https://registry.npmjs.org/fs.realpath/-/fs.realpath-1.0.0.tgz",
          "integrity": "sha1-FQStJSMVjKpA20onh8sBQRmU6k8="
        },
        "inflight": {
          "version": "1.0.6",
          "resolved": "https://registry.npmjs.org/inflight/-/inflight-1.0.6.tgz",
          "integrity": "sha1-Sb1jMdfQLQwJvJEKEHW6gWW1bfk=",
          "requires": {
            "once": "1.4.0",
            "wrappy": "1.0.2"
          }
        },
        "inherits": {
          "version": "2.0.3",
          "resolved": "https://registry.npmjs.org/inherits/-/inherits-2.0.3.tgz",
          "integrity": "sha1-Yzwsg+PaQqUC9SRmAiSA9CCCYd4="
        },
        "minimatch": {
          "version": "3.0.4",
          "resolved": "https://registry.npmjs.org/minimatch/-/minimatch-3.0.4.tgz",
          "integrity": "sha512-yJHVQEhyqPLUTgt9B83PXu6W3rx4MvvHvSUvToogpwoGDOUQ+yDrR0HRot+yOCdCO7u4hX3pWft6kWBBcqh0UA==",
          "requires": {
            "brace-expansion": "1.1.8"
          }
        },
        "once": {
          "version": "1.4.0",
          "resolved": "https://registry.npmjs.org/once/-/once-1.4.0.tgz",
          "integrity": "sha1-WDsap3WWHUsROsF9nFC6753Xa9E=",
          "requires": {
            "wrappy": "1.0.2"
          }
        },
        "path-is-absolute": {
          "version": "1.0.1",
          "resolved": "https://registry.npmjs.org/path-is-absolute/-/path-is-absolute-1.0.1.tgz",
          "integrity": "sha1-F0uSaHNVNP+8es5r9TpanhtcX18="
        },
        "wrappy": {
          "version": "1.0.2",
          "resolved": "https://registry.npmjs.org/wrappy/-/wrappy-1.0.2.tgz",
          "integrity": "sha1-tSQ9jz7BqjXxNkYFvA0QNuMKtp8="
        }
      }
    },
    "has-flag": {
      "version": "2.0.0",
      "resolved": "https://registry.npmjs.org/has-flag/-/has-flag-2.0.0.tgz",
      "integrity": "sha1-6CB68cx7MNRGzHC3NLXovhj4jVE="
    },
    "remark": {
      "version": "7.0.1",
      "resolved": "https://registry.npmjs.org/remark/-/remark-7.0.1.tgz",
      "integrity": "sha1-pd5NrPq/D2CkmCbvJMR5gH+QS/s=",
      "requires": {
        "remark-parse": "3.0.1",
        "remark-stringify": "3.0.1",
        "unified": "6.1.5"
      },
      "dependencies": {
        "array-iterate": {
          "version": "1.1.1",
          "resolved": "https://registry.npmjs.org/array-iterate/-/array-iterate-1.1.1.tgz",
          "integrity": "sha1-hlv3+K851rCYLGCQKRSsdrwBCPY="
        },
        "bail": {
          "version": "1.0.2",
          "resolved": "https://registry.npmjs.org/bail/-/bail-1.0.2.tgz",
          "integrity": "sha1-99bBcxYwqfnw1NNe0fli4gdKF2Q="
        },
        "ccount": {
          "version": "1.0.2",
          "resolved": "https://registry.npmjs.org/ccount/-/ccount-1.0.2.tgz",
          "integrity": "sha1-U7ai+BW7d7nChx97mnLDol8djok="
        },
        "character-entities": {
          "version": "1.2.1",
          "resolved": "https://registry.npmjs.org/character-entities/-/character-entities-1.2.1.tgz",
          "integrity": "sha1-92hxvl72bdt/j440eOzDdMJ9bco="
        },
        "character-entities-html4": {
          "version": "1.1.1",
          "resolved": "https://registry.npmjs.org/character-entities-html4/-/character-entities-html4-1.1.1.tgz",
          "integrity": "sha1-NZoqSg9+KdPcKsmb2+Ie45Q46lA="
        },
        "character-entities-legacy": {
          "version": "1.1.1",
          "resolved": "https://registry.npmjs.org/character-entities-legacy/-/character-entities-legacy-1.1.1.tgz",
          "integrity": "sha1-9Ad53xoQGHK7UQo9KV4fzPFHIC8="
        },
        "character-reference-invalid": {
          "version": "1.1.1",
          "resolved": "https://registry.npmjs.org/character-reference-invalid/-/character-reference-invalid-1.1.1.tgz",
          "integrity": "sha1-lCg191Dk7GGjCOYMLvjMEBEgLvw="
        },
        "collapse-white-space": {
          "version": "1.0.3",
          "resolved": "https://registry.npmjs.org/collapse-white-space/-/collapse-white-space-1.0.3.tgz",
          "integrity": "sha1-S5BvZw5aljqHt2sOFolkM0G2Ajw="
        },
        "extend": {
          "version": "3.0.1",
          "resolved": "https://registry.npmjs.org/extend/-/extend-3.0.1.tgz",
          "integrity": "sha1-p1Xqe8Gt/MWjHOfnYtuq3F5jZEQ="
        },
        "function-bind": {
          "version": "1.1.0",
          "resolved": "https://registry.npmjs.org/function-bind/-/function-bind-1.1.0.tgz",
          "integrity": "sha1-FhdnFMgBeY5Ojyz391KUZ7tKV3E="
        },
        "has": {
          "version": "1.0.1",
          "resolved": "https://registry.npmjs.org/has/-/has-1.0.1.tgz",
          "integrity": "sha1-hGFzP1OLCDfJNh45qauelwTcLyg=",
          "requires": {
            "function-bind": "1.1.0"
          }
        },
        "inherits": {
          "version": "2.0.3",
          "resolved": "https://registry.npmjs.org/inherits/-/inherits-2.0.3.tgz",
          "integrity": "sha1-Yzwsg+PaQqUC9SRmAiSA9CCCYd4="
        },
        "is-alphabetical": {
          "version": "1.0.0",
          "resolved": "https://registry.npmjs.org/is-alphabetical/-/is-alphabetical-1.0.0.tgz",
          "integrity": "sha1-4lRMEwWCVfIUTLdXBmzTNCocjEY="
        },
        "is-alphanumeric": {
          "version": "1.0.0",
          "resolved": "https://registry.npmjs.org/is-alphanumeric/-/is-alphanumeric-1.0.0.tgz",
          "integrity": "sha1-Spzvcdr0wAHB2B1j0UDPU/1oifQ="
        },
        "is-alphanumerical": {
          "version": "1.0.0",
          "resolved": "https://registry.npmjs.org/is-alphanumerical/-/is-alphanumerical-1.0.0.tgz",
          "integrity": "sha1-4GSS5xnBvxXewjnk8a9fZ7TW578=",
          "requires": {
            "is-alphabetical": "1.0.0",
            "is-decimal": "1.0.0"
          }
        },
        "is-buffer": {
          "version": "1.1.5",
          "resolved": "https://registry.npmjs.org/is-buffer/-/is-buffer-1.1.5.tgz",
          "integrity": "sha1-Hzsm72E7IUuIy8ojzGwB2Hlh7sw="
        },
        "is-decimal": {
          "version": "1.0.0",
          "resolved": "https://registry.npmjs.org/is-decimal/-/is-decimal-1.0.0.tgz",
          "integrity": "sha1-lAV5tupjxigICmnmK9qIyEcLT+A="
        },
        "is-hexadecimal": {
          "version": "1.0.0",
          "resolved": "https://registry.npmjs.org/is-hexadecimal/-/is-hexadecimal-1.0.0.tgz",
          "integrity": "sha1-XEWXcdKvmi45Ungf1U/LG8/kETw="
        },
        "is-plain-obj": {
          "version": "1.1.0",
          "resolved": "https://registry.npmjs.org/is-plain-obj/-/is-plain-obj-1.1.0.tgz",
          "integrity": "sha1-caUMhCnfync8kqOQpKA7OfzVHT4="
        },
        "is-whitespace-character": {
          "version": "1.0.0",
          "resolved": "https://registry.npmjs.org/is-whitespace-character/-/is-whitespace-character-1.0.0.tgz",
          "integrity": "sha1-u/SoN2Tq0NRRvsKlUhjpGWGtwnU="
        },
        "is-word-character": {
          "version": "1.0.0",
          "resolved": "https://registry.npmjs.org/is-word-character/-/is-word-character-1.0.0.tgz",
          "integrity": "sha1-o6nl3a1wxcLuNvSpz8mlP0RTUkc="
        },
        "longest-streak": {
          "version": "2.0.1",
          "resolved": "https://registry.npmjs.org/longest-streak/-/longest-streak-2.0.1.tgz",
          "integrity": "sha1-QtKRtUEeQDZcAOYxk0l+IkcxbjU="
        },
        "markdown-escapes": {
          "version": "1.0.1",
          "resolved": "https://registry.npmjs.org/markdown-escapes/-/markdown-escapes-1.0.1.tgz",
          "integrity": "sha1-GZTfLTr0gR3lmmcUk0wrIpJzRRg="
        },
        "markdown-table": {
          "version": "1.1.0",
          "resolved": "https://registry.npmjs.org/markdown-table/-/markdown-table-1.1.0.tgz",
          "integrity": "sha1-H1rmFlnO2ICNiCVUwy6LPzjdEUM="
        },
        "mdast-util-compact": {
          "version": "1.0.1",
          "resolved": "https://registry.npmjs.org/mdast-util-compact/-/mdast-util-compact-1.0.1.tgz",
          "integrity": "sha1-zbX4TitqLTEU3zO9BdnLMuPECDo=",
          "requires": {
            "unist-util-modify-children": "1.1.1",
            "unist-util-visit": "1.1.3"
          }
        },
        "parse-entities": {
          "version": "1.1.1",
          "resolved": "https://registry.npmjs.org/parse-entities/-/parse-entities-1.1.1.tgz",
          "integrity": "sha1-gRLYhHExnyerrk1klksSL+ThuJA=",
          "requires": {
            "character-entities": "1.2.1",
            "character-entities-legacy": "1.1.1",
            "character-reference-invalid": "1.1.1",
            "is-alphanumerical": "1.0.0",
            "is-decimal": "1.0.0",
            "is-hexadecimal": "1.0.0"
          }
        },
        "remark-parse": {
          "version": "3.0.1",
          "resolved": "https://registry.npmjs.org/remark-parse/-/remark-parse-3.0.1.tgz",
          "integrity": "sha1-G5+EGkTY9PvyJGhQJlRZpOs1TIA=",
          "requires": {
            "collapse-white-space": "1.0.3",
            "has": "1.0.1",
            "is-alphabetical": "1.0.0",
            "is-decimal": "1.0.0",
            "is-whitespace-character": "1.0.0",
            "is-word-character": "1.0.0",
            "markdown-escapes": "1.0.1",
            "parse-entities": "1.1.1",
            "repeat-string": "1.6.1",
            "state-toggle": "1.0.0",
            "trim": "0.0.1",
            "trim-trailing-lines": "1.1.0",
            "unherit": "1.1.0",
            "unist-util-remove-position": "1.1.1",
            "vfile-location": "2.0.1",
            "xtend": "4.0.1"
          }
        },
        "remark-stringify": {
          "version": "3.0.1",
          "resolved": "https://registry.npmjs.org/remark-stringify/-/remark-stringify-3.0.1.tgz",
          "integrity": "sha1-eSQr6+CnUggbWAlRb6DAbt7Aac8=",
          "requires": {
            "ccount": "1.0.2",
            "is-alphanumeric": "1.0.0",
            "is-decimal": "1.0.0",
            "is-whitespace-character": "1.0.0",
            "longest-streak": "2.0.1",
            "markdown-escapes": "1.0.1",
            "markdown-table": "1.1.0",
            "mdast-util-compact": "1.0.1",
            "parse-entities": "1.1.1",
            "repeat-string": "1.6.1",
            "state-toggle": "1.0.0",
            "stringify-entities": "1.3.1",
            "unherit": "1.1.0",
            "xtend": "4.0.1"
          }
        },
        "repeat-string": {
          "version": "1.6.1",
          "resolved": "https://registry.npmjs.org/repeat-string/-/repeat-string-1.6.1.tgz",
          "integrity": "sha1-jcrkcOHIirwtYA//Sndihtp15jc="
        },
        "replace-ext": {
          "version": "1.0.0",
          "resolved": "https://registry.npmjs.org/replace-ext/-/replace-ext-1.0.0.tgz",
          "integrity": "sha1-3mMSg3P8v3w8z6TeWkgMRaZ5WOs="
        },
        "state-toggle": {
          "version": "1.0.0",
          "resolved": "https://registry.npmjs.org/state-toggle/-/state-toggle-1.0.0.tgz",
          "integrity": "sha1-0g+aYWu08MO5i5GSLSW2QKorxCU="
        },
        "stringify-entities": {
          "version": "1.3.1",
          "resolved": "https://registry.npmjs.org/stringify-entities/-/stringify-entities-1.3.1.tgz",
          "integrity": "sha1-sVDsLXKsTBtfMktR+2soyc3/BYw=",
          "requires": {
            "character-entities-html4": "1.1.1",
            "character-entities-legacy": "1.1.1",
            "is-alphanumerical": "1.0.0",
            "is-hexadecimal": "1.0.0"
          }
        },
        "trim": {
          "version": "0.0.1",
          "resolved": "https://registry.npmjs.org/trim/-/trim-0.0.1.tgz",
          "integrity": "sha1-WFhUf2spB1fulczMZm+1AITEYN0="
        },
        "trim-trailing-lines": {
          "version": "1.1.0",
          "resolved": "https://registry.npmjs.org/trim-trailing-lines/-/trim-trailing-lines-1.1.0.tgz",
          "integrity": "sha1-eu+7eAjfnWafbaLkOMrIxGradoQ="
        },
        "trough": {
          "version": "1.0.1",
          "resolved": "https://registry.npmjs.org/trough/-/trough-1.0.1.tgz",
          "integrity": "sha1-qf2LA5Swro//guBjOgo2zK1bX4Y="
        },
        "unherit": {
          "version": "1.1.0",
          "resolved": "https://registry.npmjs.org/unherit/-/unherit-1.1.0.tgz",
          "integrity": "sha1-a5qu379z3xdWrZ4xbdmBiFhAzX0=",
          "requires": {
            "inherits": "2.0.3",
            "xtend": "4.0.1"
          }
        },
        "unified": {
          "version": "6.1.5",
          "resolved": "https://registry.npmjs.org/unified/-/unified-6.1.5.tgz",
          "integrity": "sha1-cWk3hyYhpjE15iztLzrGoGPG+4c=",
          "requires": {
            "bail": "1.0.2",
            "extend": "3.0.1",
            "is-plain-obj": "1.1.0",
            "trough": "1.0.1",
            "vfile": "2.1.0",
            "x-is-function": "1.0.4",
            "x-is-string": "0.1.0"
          }
        },
        "unist-util-modify-children": {
          "version": "1.1.1",
          "resolved": "https://registry.npmjs.org/unist-util-modify-children/-/unist-util-modify-children-1.1.1.tgz",
          "integrity": "sha1-ZtfmpEnm9nIguXarPLi166w55R0=",
          "requires": {
            "array-iterate": "1.1.1"
          }
        },
        "unist-util-remove-position": {
          "version": "1.1.1",
          "resolved": "https://registry.npmjs.org/unist-util-remove-position/-/unist-util-remove-position-1.1.1.tgz",
          "integrity": "sha1-WoXBVV/BugwQG4ZwfRXlD6TIcbs=",
          "requires": {
            "unist-util-visit": "1.1.3"
          }
        },
        "unist-util-stringify-position": {
          "version": "1.1.1",
          "resolved": "https://registry.npmjs.org/unist-util-stringify-position/-/unist-util-stringify-position-1.1.1.tgz",
          "integrity": "sha1-PMvcU2ee7W7PN3fdf14yKcG2qjw="
        },
        "unist-util-visit": {
          "version": "1.1.3",
          "resolved": "https://registry.npmjs.org/unist-util-visit/-/unist-util-visit-1.1.3.tgz",
          "integrity": "sha1-7CaOcxudJ3p5pbWqBkOZDkBdYAs="
        },
        "vfile": {
          "version": "2.1.0",
          "resolved": "https://registry.npmjs.org/vfile/-/vfile-2.1.0.tgz",
          "integrity": "sha1-086Lgl57jVO4lhZDQSczgZNvAr0=",
          "requires": {
            "is-buffer": "1.1.5",
            "replace-ext": "1.0.0",
            "unist-util-stringify-position": "1.1.1"
          }
        },
        "vfile-location": {
          "version": "2.0.1",
          "resolved": "https://registry.npmjs.org/vfile-location/-/vfile-location-2.0.1.tgz",
          "integrity": "sha1-C/iBb3MrD4vZAqVv2kxiyOk13FI="
        },
        "x-is-function": {
          "version": "1.0.4",
          "resolved": "https://registry.npmjs.org/x-is-function/-/x-is-function-1.0.4.tgz",
          "integrity": "sha1-XSlNw9Joy90GJYDgxd93o5HR+h4="
        },
        "x-is-string": {
          "version": "0.1.0",
          "resolved": "https://registry.npmjs.org/x-is-string/-/x-is-string-0.1.0.tgz",
          "integrity": "sha1-R0tQhlrzpJqcRlfwWs0UVFj3fYI="
        },
        "xtend": {
          "version": "4.0.1",
          "resolved": "https://registry.npmjs.org/xtend/-/xtend-4.0.1.tgz",
          "integrity": "sha1-pcbVMr5lbiPbgg77lDofBJmNY68="
        }
      }
    },
    "superagent": {
      "version": "3.5.2",
      "resolved": "https://registry.npmjs.org/superagent/-/superagent-3.5.2.tgz",
      "integrity": "sha1-M2GjlxVnUEw1EGOr6q4PqiPb8/g=",
      "requires": {
        "component-emitter": "1.2.1",
        "cookiejar": "2.1.1",
        "debug": "2.6.8",
        "extend": "3.0.1",
        "form-data": "2.2.0",
        "formidable": "1.1.1",
        "methods": "1.1.2",
        "mime": "1.3.6",
        "qs": "6.5.0",
        "readable-stream": "2.3.3"
      },
      "dependencies": {
        "asynckit": {
          "version": "0.4.0",
          "resolved": "https://registry.npmjs.org/asynckit/-/asynckit-0.4.0.tgz",
          "integrity": "sha1-x57Zf380y48robyXkLzDZkdLS3k="
        },
        "combined-stream": {
          "version": "1.0.5",
          "resolved": "https://registry.npmjs.org/combined-stream/-/combined-stream-1.0.5.tgz",
          "integrity": "sha1-k4NwpXtKUd6ix3wV1cX9+JUWQAk=",
          "requires": {
            "delayed-stream": "1.0.0"
          }
        },
        "component-emitter": {
          "version": "1.2.1",
          "resolved": "https://registry.npmjs.org/component-emitter/-/component-emitter-1.2.1.tgz",
          "integrity": "sha1-E3kY1teCg/ffemt8WmPhQOaUJeY="
        },
        "cookiejar": {
          "version": "2.1.1",
          "resolved": "https://registry.npmjs.org/cookiejar/-/cookiejar-2.1.1.tgz",
          "integrity": "sha1-Qa1XsbVVlR7BcUEqgZQrHoIA00o="
        },
        "core-util-is": {
          "version": "1.0.2",
          "resolved": "https://registry.npmjs.org/core-util-is/-/core-util-is-1.0.2.tgz",
          "integrity": "sha1-tf1UIgqivFq1eqtxQMlAdUUDwac="
        },
        "debug": {
          "version": "2.6.8",
          "resolved": "https://registry.npmjs.org/debug/-/debug-2.6.8.tgz",
          "integrity": "sha1-5zFTHKLt4n0YgiJCfaF4IdaP9Pw=",
          "requires": {
            "ms": "2.0.0"
          }
        },
        "delayed-stream": {
          "version": "1.0.0",
          "resolved": "https://registry.npmjs.org/delayed-stream/-/delayed-stream-1.0.0.tgz",
          "integrity": "sha1-3zrhmayt+31ECqrgsp4icrJOxhk="
        },
        "extend": {
          "version": "3.0.1",
          "resolved": "https://registry.npmjs.org/extend/-/extend-3.0.1.tgz",
          "integrity": "sha1-p1Xqe8Gt/MWjHOfnYtuq3F5jZEQ="
        },
        "form-data": {
          "version": "2.2.0",
          "resolved": "https://registry.npmjs.org/form-data/-/form-data-2.2.0.tgz",
          "integrity": "sha1-ml47kpX5gLJiPPZPojixTOvKcHs=",
          "requires": {
            "asynckit": "0.4.0",
            "combined-stream": "1.0.5",
            "mime-types": "2.1.15"
          }
        },
        "formidable": {
          "version": "1.1.1",
          "resolved": "https://registry.npmjs.org/formidable/-/formidable-1.1.1.tgz",
          "integrity": "sha1-lriIb3w8NQi5Mta9cMTTqI818ak="
        },
        "inherits": {
          "version": "2.0.3",
          "resolved": "https://registry.npmjs.org/inherits/-/inherits-2.0.3.tgz",
          "integrity": "sha1-Yzwsg+PaQqUC9SRmAiSA9CCCYd4="
        },
        "isarray": {
          "version": "1.0.0",
          "resolved": "https://registry.npmjs.org/isarray/-/isarray-1.0.0.tgz",
          "integrity": "sha1-u5NdSFgsuhaMBoNJV6VKPgcSTxE="
        },
        "methods": {
          "version": "1.1.2",
          "resolved": "https://registry.npmjs.org/methods/-/methods-1.1.2.tgz",
          "integrity": "sha1-VSmk1nZUE07cxSZmVoNbD4Ua/O4="
        },
        "mime": {
          "version": "1.3.6",
          "resolved": "https://registry.npmjs.org/mime/-/mime-1.3.6.tgz",
          "integrity": "sha1-WR2E02U6awtKO5343lqoEI5y5eA="
        },
        "mime-db": {
          "version": "1.27.0",
          "resolved": "https://registry.npmjs.org/mime-db/-/mime-db-1.27.0.tgz",
          "integrity": "sha1-gg9XIpa70g7CXtVeW13oaeVDbrE="
        },
        "mime-types": {
          "version": "2.1.15",
          "resolved": "https://registry.npmjs.org/mime-types/-/mime-types-2.1.15.tgz",
          "integrity": "sha1-pOv1BkCUVpI3uM9wBGd20J/JKu0=",
          "requires": {
            "mime-db": "1.27.0"
          }
        },
        "ms": {
          "version": "2.0.0",
          "resolved": "https://registry.npmjs.org/ms/-/ms-2.0.0.tgz",
          "integrity": "sha1-VgiurfwAvmwpAd9fmGF4jeDVl8g="
        },
        "process-nextick-args": {
          "version": "1.0.7",
          "resolved": "https://registry.npmjs.org/process-nextick-args/-/process-nextick-args-1.0.7.tgz",
          "integrity": "sha1-FQ4gt1ZZCtP5EJPyWk8q2L/zC6M="
        },
        "qs": {
          "version": "6.5.0",
          "resolved": "https://registry.npmjs.org/qs/-/qs-6.5.0.tgz",
          "integrity": "sha512-fjVFjW9yhqMhVGwRExCXLhJKrLlkYSaxNWdyc9rmHlrVZbk35YHH312dFd7191uQeXkI3mKLZTIbSvIeFwFemg=="
        },
        "readable-stream": {
          "version": "2.3.3",
          "resolved": "https://registry.npmjs.org/readable-stream/-/readable-stream-2.3.3.tgz",
          "integrity": "sha512-m+qzzcn7KUxEmd1gMbchF+Y2eIUbieUaxkWtptyHywrX0rE8QEYqPC07Vuy4Wm32/xE16NcdBctb8S0Xe/5IeQ==",
          "requires": {
            "core-util-is": "1.0.2",
            "inherits": "2.0.3",
            "isarray": "1.0.0",
            "process-nextick-args": "1.0.7",
            "safe-buffer": "5.1.1",
            "string_decoder": "1.0.3",
            "util-deprecate": "1.0.2"
          }
        },
        "safe-buffer": {
          "version": "5.1.1",
          "resolved": "https://registry.npmjs.org/safe-buffer/-/safe-buffer-5.1.1.tgz",
          "integrity": "sha512-kKvNJn6Mm93gAczWVJg7wH+wGYWNrDHdWvpUmHyEsgCtIwwo3bqPtV4tR5tuPaUhTOo/kvhVwd8XwwOllGYkbg=="
        },
        "string_decoder": {
          "version": "1.0.3",
          "resolved": "https://registry.npmjs.org/string_decoder/-/string_decoder-1.0.3.tgz",
          "integrity": "sha512-4AH6Z5fzNNBcH+6XDMfA/BTt87skxqJlO0lAh3Dker5zThcAxG6mKz+iGu308UKoPPQ8Dcqx/4JhujzltRa+hQ==",
          "requires": {
            "safe-buffer": "5.1.1"
          }
        },
        "util-deprecate": {
          "version": "1.0.2",
          "resolved": "https://registry.npmjs.org/util-deprecate/-/util-deprecate-1.0.2.tgz",
          "integrity": "sha1-RQ1Nyfpw3nMnYvvS1KKJgUGaDM8="
        }
      }
    },
    "supports-color": {
      "version": "4.2.0",
      "resolved": "https://registry.npmjs.org/supports-color/-/supports-color-4.2.0.tgz",
      "integrity": "sha512-Ts0Mu/A1S1aZxEJNG88I4Oc9rcZSBFNac5e27yh4j2mqbhZSSzR1Ah79EYwSn9Zuh7lrlGD2cVGzw1RKGzyLSg==",
      "requires": {
        "has-flag": "2.0.0"
      }
    }
  }
}
